
Microsoft Visual Studio Solution File, Format Version 12.00
# Visual Studio Version 16
VisualStudioVersion = 16.0.29920.165
MinimumVisualStudioVersion = 10.0.40219.1
Project("{FAE04EC0-301F-11D3-BF4B-00C04F79EFBC}") = "Tehtävä 3 pituusmuunnin Vladislav jeskin", "Tehtävä 3 pituusmuunnin Vladislav jeskin\Tehtävä 3 pituusmuunnin Vladislav jeskin.csproj", "{9C0D1B4B-01EB-48F3-89AB-F1802E5F263E}"
EndProject
Global
	GlobalSection(SolutionConfigurationPlatforms) = preSolution
		Debug|Any CPU = Debug|Any CPU
		Release|Any CPU = Release|Any CPU
	EndGlobalSection
	GlobalSection(ProjectConfigurationPlatforms) = postSolution
		{9C0D1B4B-01EB-48F3-89AB-F1802E5F263E}.Debug|Any CPU.ActiveCfg = Debug|Any CPU
		{9C0D1B4B-01EB-48F3-89AB-F1802E5F263E}.Debug|Any CPU.Build.0 = Debug|Any CPU
		{9C0D1B4B-01EB-48F3-89AB-F1802E5F263E}.Release|Any CPU.ActiveCfg = Release|Any CPU
		{9C0D1B4B-01EB-48F3-89AB-F1802E5F263E}.Release|Any CPU.Build.0 = Release|Any CPU
	EndGlobalSection
	GlobalSection(SolutionProperties) = preSolution
		HideSolutionNode = FALSE
	EndGlobalSection
	GlobalSection(ExtensibilityGlobals) = postSolution
		SolutionGuid = {DE15A50F-B015-4811-BA0E-6EF5037BF90B}
	EndGlobalSection
EndGlobal
